{
  "requires": true,
  "lockfileVersion": 1,
  "dependencies": {
    "@ffmpeg/core": {
      "version": "0.7.1",
      "resolved": "https://registry.npmjs.org/@ffmpeg/core/-/core-0.7.1.tgz",
      "integrity": "sha512-o92DuHKoAGLZLpoVkm+nka++hEzqEj+1Ewy+9f9HPGwFXM5Kk9Jg8M4fMgcjoHAL0z04Z5CR4Z39E2qwS0p0rg=="
    },
    "@ffmpeg/ffmpeg": {
      "version": "0.8.3",
      "resolved": "https://registry.npmjs.org/@ffmpeg/ffmpeg/-/ffmpeg-0.8.3.tgz",
      "integrity": "sha512-VtEMXMTuAYHC7NUh3E89mxbqsLxI3geAr+Z5ZQ+8VQNIl22dBtFZ1x2g76f6w+JIDZkrmjqnZ/6oc/henIEaVw==",
      "requires": {
        "@ffmpeg/core": "^0.7.1",
        "idb": "^4.0.5",
        "is-electron": "^2.2.0",
        "is-url": "^1.2.4",
        "node-fetch": "^2.6.0",
        "regenerator-runtime": "^0.13.5",
        "resolve-url": "^0.2.1"
      }
    },
    "idb": {
      "version": "4.0.5",
      "resolved": "https://registry.npmjs.org/idb/-/idb-4.0.5.tgz",
      "integrity": "sha512-P+Fk9HT2h1DhXoE1YNK183SY+CRh2GHNh28de94sGwhe0bUA75JJeVJWt3SenE5p0BXK7maflIq29dl6UZHrFw=="
    },
    "is-electron": {
      "version": "2.2.0",
      "resolved": "https://registry.npmjs.org/is-electron/-/is-electron-2.2.0.tgz",
      "integrity": "sha512-SpMppC2XR3YdxSzczXReBjqs2zGscWQpBIKqwXYBFic0ERaxNVgwLCHwOLZeESfdJQjX0RDvrJ1lBXX2ij+G1Q=="
    },
    "is-url": {
      "version": "1.2.4",
      "resolved": "https://registry.npmjs.org/is-url/-/is-url-1.2.4.tgz",
      "integrity": "sha512-ITvGim8FhRiYe4IQ5uHSkj7pVaPDrCTkNd3yq3cV7iZAcJdHTUMPMEHcqSOy9xZ9qFenQCvi+2wjH9a1nXqHww=="
    },
    "node-fetch": {
      "version": "2.6.0",
      "resolved": "https://registry.npmjs.org/node-fetch/-/node-fetch-2.6.0.tgz",
      "integrity": "sha512-8dG4H5ujfvFiqDmVu9fQ5bOHUC15JMjMY/Zumv26oOvvVJjM67KF8koCWIabKQ1GJIa9r2mMZscBq/TbdOcmNA=="
    },
    "regenerator-runtime": {
      "version": "0.13.5",
      "resolved": "https://registry.npmjs.org/regenerator-runtime/-/regenerator-runtime-0.13.5.tgz",
      "integrity": "sha512-ZS5w8CpKFinUzOwW3c83oPeVXoNsrLsaCoLtJvAClH135j/R77RuymhiSErhm2lKcwSCIpmvIWSbDkIfAqKQlA=="
    },
    "resolve-url": {
      "version": "0.2.1",
      "resolved": "https://registry.npmjs.org/resolve-url/-/resolve-url-0.2.1.tgz",
      "integrity": "sha1-LGN/53yJOv0qZj/iGqkIAGjiBSo="
    }
  }
}
